// !$*UTF8*$!
{
	archiveVersion = 1;
	classes = {
	};
	objectVersion = 48;
	objects = {

/* Begin PBXBuildFile section */
		F41CFFA020BE32FC00173BE1 /* NewsViewModel.swift in Sources */ = {isa = PBXBuildFile; fileRef = F41CFF9F20BE32FC00173BE1 /* NewsViewModel.swift */; };
		F44E3A4F20B6A3F300C1F132 /* AppDelegate.swift in Sources */ = {isa = PBXBuildFile; fileRef = F44E3A4E20B6A3F300C1F132 /* AppDelegate.swift */; };
		F44E3A5420B6A3F300C1F132 /* Main.storyboard in Resources */ = {isa = PBXBuildFile; fileRef = F44E3A5220B6A3F300C1F132 /* Main.storyboard */; };
		F44E3A5620B6A3F300C1F132 /* Assets.xcassets in Resources */ = {isa = PBXBuildFile; fileRef = F44E3A5520B6A3F300C1F132 /* Assets.xcassets */; };
		F44E3A5920B6A3F300C1F132 /* LaunchScreen.storyboard in Resources */ = {isa = PBXBuildFile; fileRef = F44E3A5720B6A3F300C1F132 /* LaunchScreen.storyboard */; };
		F47FDAB720B7FC7200E83115 /* Pods_WYnews.framework in Frameworks */ = {isa = PBXBuildFile; fileRef = F47FDAB820B7FC7200E83115 /* Pods_WYnews.framework */; settings = {ATTRIBUTES = (Required, ); }; };
		F4BF4A1220B7A7D200FC0220 /* NewsModel.swift in Sources */ = {isa = PBXBuildFile; fileRef = F4BF4A1120B7A7D200FC0220 /* NewsModel.swift */; };
		F4BF4A1520B7A82F00FC0220 /* NewsViewCell.xib in Resources */ = {isa = PBXBuildFile; fileRef = F4BF4A1320B7A82E00FC0220 /* NewsViewCell.xib */; };
		F4BF4A1620B7A82F00FC0220 /* NewsViewCell.swift in Sources */ = {isa = PBXBuildFile; fileRef = F4BF4A1420B7A82E00FC0220 /* NewsViewCell.swift */; };
		F4BF4A1820B7A86000FC0220 /* HomeViewController.swift in Sources */ = {isa = PBXBuildFile; fileRef = F4BF4A1720B7A86000FC0220 /* HomeViewController.swift */; };
		F4BF4A1A20B7A92F00FC0220 /* NetworkTools.swift in Sources */ = {isa = PBXBuildFile; fileRef = F4BF4A1920B7A92E00FC0220 /* NetworkTools.swift */; };
/* End PBXBuildFile section */

/* Begin PBXFileReference section */
		A5B4700FDE778E3C8C737A71 /* Pods_WYnews.framework */ = {isa = PBXFileReference; explicitFileType = wrapper.framework; includeInIndex = 0; path = Pods_WYnews.framework; sourceTree = BUILT_PRODUCTS_DIR; };
		CFA536B8A29FFD29BE271AE7 /* Pods-WYnews.release.xcconfig */ = {isa = PBXFileReference; includeInIndex = 1; lastKnownFileType = text.xcconfig; name = "Pods-WYnews.release.xcconfig"; path = "Pods/Target Support Files/Pods-WYnews/Pods-WYnews.release.xcconfig"; sourceTree = "<group>"; };
		E8C9774C5BF97DD7987A2AC2 /* Pods-WYnews.debug.xcconfig */ = {isa = PBXFileReference; includeInIndex = 1; lastKnownFileType = text.xcconfig; name = "Pods-WYnews.debug.xcconfig"; path = "Pods/Target Support Files/Pods-WYnews/Pods-WYnews.debug.xcconfig"; sourceTree = "<group>"; };
		F41CFF9F20BE32FC00173BE1 /* NewsViewModel.swift */ = {isa = PBXFileReference; lastKnownFileType = sourcecode.swift; path = NewsViewModel.swift; sourceTree = "<group>"; };
		F44E3A4B20B6A3F300C1F132 /* WYnews.app */ = {isa = PBXFileReference; explicitFileType = wrapper.application; includeInIndex = 0; path = WYnews.app; sourceTree = BUILT_PRODUCTS_DIR; };
		F44E3A4E20B6A3F300C1F132 /* AppDelegate.swift */ = {isa = PBXFileReference; lastKnownFileType = sourcecode.swift; path = AppDelegate.swift; sourceTree = "<group>"; };
		F44E3A5320B6A3F300C1F132 /* Base */ = {isa = PBXFileReference; lastKnownFileType = file.storyboard; name = Base; path = Base.lproj/Main.storyboard; sourceTree = "<group>"; };
		F44E3A5520B6A3F300C1F132 /* Assets.xcassets */ = {isa = PBXFileReference; lastKnownFileType = folder.assetcatalog; path = Assets.xcassets; sourceTree = "<group>"; };
		F44E3A5820B6A3F300C1F132 /* Base */ = {isa = PBXFileReference; lastKnownFileType = file.storyboard; name = Base; path = Base.lproj/LaunchScreen.storyboard; sourceTree = "<group>"; };
		F44E3A5A20B6A3F300C1F132 /* Info.plist */ = {isa = PBXFileReference; lastKnownFileType = text.plist.xml; path = Info.plist; sourceTree = "<group>"; };
		F47FDAAE20B7F7DC00E83115 /* Pods_WYnews.framework */ = {isa = PBXFileReference; explicitFileType = wrapper.framework; path = Pods_WYnews.framework; sourceTree = BUILT_PRODUCTS_DIR; };
		F47FDAB020B7F8A400E83115 /* Alamofire.framework */ = {isa = PBXFileReference; explicitFileType = wrapper.framework; path = Alamofire.framework; sourceTree = BUILT_PRODUCTS_DIR; };
		F47FDAB220B7FC3D00E83115 /* Alamofire.framework */ = {isa = PBXFileReference; explicitFileType = wrapper.framework; path = Alamofire.framework; sourceTree = BUILT_PRODUCTS_DIR; };
		F47FDAB420B7FC4200E83115 /* Kingfisher.framework */ = {isa = PBXFileReference; explicitFileType = wrapper.framework; path = Kingfisher.framework; sourceTree = BUILT_PRODUCTS_DIR; };
		F47FDAB620B7FC4700E83115 /* HandyJSON.framework */ = {isa = PBXFileReference; explicitFileType = wrapper.framework; path = HandyJSON.framework; sourceTree = BUILT_PRODUCTS_DIR; };
		F47FDAB820B7FC7200E83115 /* Pods_WYnews.framework */ = {isa = PBXFileReference; explicitFileType = wrapper.framework; path = Pods_WYnews.framework; sourceTree = BUILT_PRODUCTS_DIR; };
		F4BF4A1120B7A7D200FC0220 /* NewsModel.swift */ = {isa = PBXFileReference; fileEncoding = 4; lastKnownFileType = sourcecode.swift; path = NewsModel.swift; sourceTree = "<group>"; };
		F4BF4A1320B7A82E00FC0220 /* NewsViewCell.xib */ = {isa = PBXFileReference; fileEncoding = 4; lastKnownFileType = file.xib; path = NewsViewCell.xib; sourceTree = "<group>"; };
		F4BF4A1420B7A82E00FC0220 /* NewsViewCell.swift */ = {isa = PBXFileReference; fileEncoding = 4; lastKnownFileType = sourcecode.swift; path = NewsViewCell.swift; sourceTree = "<group>"; };
		F4BF4A1720B7A86000FC0220 /* HomeViewController.swift */ = {isa = PBXFileReference; fileEncoding = 4; lastKnownFileType = sourcecode.swift; path = HomeViewController.swift; sourceTree = "<group>"; };
		F4BF4A1920B7A92E00FC0220 /* NetworkTools.swift */ = {isa = PBXFileReference; fileEncoding = 4; lastKnownFileType = sourcecode.swift; path = NetworkTools.swift; sourceTree = "<group>"; };
/* End PBXFileReference section */

/* Begin PBXFrameworksBuildPhase section */
		F44E3A4820B6A3F300C1F132 /* Frameworks */ = {
			isa = PBXFrameworksBuildPhase;
			buildActionMask = 2147483647;
			files = (
				F47FDAB720B7FC7200E83115 /* Pods_WYnews.framework in Frameworks */,
			);
			runOnlyForDeploymentPostprocessing = 0;
		};
/* End PBXFrameworksBuildPhase section */

/* Begin PBXGroup section */
		346A4EACB538D35611848BC2 /* Pods */ = {
			isa = PBXGroup;
			children = (
				E8C9774C5BF97DD7987A2AC2 /* Pods-WYnews.debug.xcconfig */,
				CFA536B8A29FFD29BE271AE7 /* Pods-WYnews.release.xcconfig */,
			);
			name = Pods;
			sourceTree = "<group>";
		};
		3B1C4AE0A72E0FE2240EA155 /* Frameworks */ = {
			isa = PBXGroup;
			children = (
				F47FDAB820B7FC7200E83115 /* Pods_WYnews.framework */,
				F47FDAB620B7FC4700E83115 /* HandyJSON.framework */,
				F47FDAB420B7FC4200E83115 /* Kingfisher.framework */,
				F47FDAB220B7FC3D00E83115 /* Alamofire.framework */,
				F47FDAB020B7F8A400E83115 /* Alamofire.framework */,
				F47FDAAE20B7F7DC00E83115 /* Pods_WYnews.framework */,
				A5B4700FDE778E3C8C737A71 /* Pods_WYnews.framework */,
			);
			name = Frameworks;
			sourceTree = "<group>";
		};
		F41CFF9E20BE32DA00173BE1 /* ViewModel */ = {
			isa = PBXGroup;
			children = (
				F41CFF9F20BE32FC00173BE1 /* NewsViewModel.swift */,
			);
			path = ViewModel;
			sourceTree = "<group>";
		};
		F44E3A4220B6A3F300C1F132 = {
			isa = PBXGroup;
			children = (
				F44E3A4D20B6A3F300C1F132 /* WYnews */,
				F44E3A4C20B6A3F300C1F132 /* Products */,
				346A4EACB538D35611848BC2 /* Pods */,
				3B1C4AE0A72E0FE2240EA155 /* Frameworks */,
			);
			sourceTree = "<group>";
		};
		F44E3A4C20B6A3F300C1F132 /* Products */ = {
			isa = PBXGroup;
			children = (
				F44E3A4B20B6A3F300C1F132 /* WYnews.app */,
			);
			name = Products;
			sourceTree = "<group>";
		};
		F44E3A4D20B6A3F300C1F132 /* WYnews */ = {
			isa = PBXGroup;
			children = (
				F44E3A6220B6BA0200C1F132 /* Classes */,
				F44E3A4E20B6A3F300C1F132 /* AppDelegate.swift */,
				F44E3A5220B6A3F300C1F132 /* Main.storyboard */,
				F44E3A5520B6A3F300C1F132 /* Assets.xcassets */,
				F44E3A5720B6A3F300C1F132 /* LaunchScreen.storyboard */,
				F44E3A5A20B6A3F300C1F132 /* Info.plist */,
			);
			path = WYnews;
			sourceTree = "<group>";
		};
		F44E3A6220B6BA0200C1F132 /* Classes */ = {
			isa = PBXGroup;
			children = (
				F41CFF9E20BE32DA00173BE1 /* ViewModel */,
				F44E3A6520B6BA0200C1F132 /* Model */,
				F44E3A6820B6BA0200C1F132 /* View */,
				F44E3A6320B6BA0200C1F132 /* Controller */,
				F44E3A6620B6BA0200C1F132 /* Other */,
			);
			path = Classes;
			sourceTree = "<group>";
		};
		F44E3A6320B6BA0200C1F132 /* Controller */ = {
			isa = PBXGroup;
			children = (
				F4BF4A1720B7A86000FC0220 /* HomeViewController.swift */,
			);
			path = Controller;
			sourceTree = "<group>";
		};
		F44E3A6520B6BA0200C1F132 /* Model */ = {
			isa = PBXGroup;
			children = (
				F4BF4A1120B7A7D200FC0220 /* NewsModel.swift */,
			);
			path = Model;
			sourceTree = "<group>";
		};
		F44E3A6620B6BA0200C1F132 /* Other */ = {
			isa = PBXGroup;
			children = (
				F44E3A6720B6BA0200C1F132 /* Tools */,
			);
			path = Other;
			sourceTree = "<group>";
		};
		F44E3A6720B6BA0200C1F132 /* Tools */ = {
			isa = PBXGroup;
			children = (
				F4BF4A1920B7A92E00FC0220 /* NetworkTools.swift */,
			);
			path = Tools;
			sourceTree = "<group>";
		};
		F44E3A6820B6BA0200C1F132 /* View */ = {
			isa = PBXGroup;
			children = (
				F4BF4A1420B7A82E00FC0220 /* NewsViewCell.swift */,
				F4BF4A1320B7A82E00FC0220 /* NewsViewCell.xib */,
			);
			path = View;
			sourceTree = "<group>";
		};
/* End PBXGroup section */

/* Begin PBXNativeTarget section */
		F44E3A4A20B6A3F300C1F132 /* WYnews */ = {
			isa = PBXNativeTarget;
			buildConfigurationList = F44E3A5D20B6A3F300C1F132 /* Build configuration list for PBXNativeTarget "WYnews" */;
			buildPhases = (
				AF9E27F00BE0541212538434 /* [CP] Check Pods Manifest.lock */,
				F44E3A4720B6A3F300C1F132 /* Sources */,
				F44E3A4820B6A3F300C1F132 /* Frameworks */,
				F44E3A4920B6A3F300C1F132 /* Resources */,
				B761A7ABAECDD8F792CB3D05 /* [CP] Embed Pods Frameworks */,
			);
			buildRules = (
			);
			dependencies = (
			);
			name = WYnews;
			productName = WYnews;
			productReference = F44E3A4B20B6A3F300C1F132 /* WYnews.app */;
			productType = "com.apple.product-type.application";
		};
/* End PBXNativeTarget section */

/* Begin PBXProject section */
		F44E3A4320B6A3F300C1F132 /* Project object */ = {
			isa = PBXProject;
			attributes = {
				LastSwiftUpdateCheck = 0910;
				LastUpgradeCheck = 0910;
				ORGANIZATIONNAME = coder_zyy;
				TargetAttributes = {
					F44E3A4A20B6A3F300C1F132 = {
						CreatedOnToolsVersion = 9.1;
						ProvisioningStyle = Automatic;
					};
				};
			};
			buildConfigurationList = F44E3A4620B6A3F300C1F132 /* Build configuration list for PBXProject "WYnews" */;
			compatibilityVersion = "Xcode 8.0";
			developmentRegion = en;
			hasScannedForEncodings = 0;
			knownRegions = (
				en,
				Base,
			);
			mainGroup = F44E3A4220B6A3F300C1F132;
			productRefGroup = F44E3A4C20B6A3F300C1F132 /* Products */;
			projectDirPath = "";
			projectRoot = "";
			targets = (
				F44E3A4A20B6A3F300C1F132 /* WYnews */,
			);
		};
/* End PBXProject section */

/* Begin PBXResourcesBuildPhase section */
		F44E3A4920B6A3F300C1F132 /* Resources */ = {
			isa = PBXResourcesBuildPhase;
			buildActionMask = 2147483647;
			files = (
				F44E3A5920B6A3F300C1F132 /* LaunchScreen.storyboard in Resources */,
				F4BF4A1520B7A82F00FC0220 /* NewsViewCell.xib in Resources */,
				F44E3A5620B6A3F300C1F132 /* Assets.xcassets in Resources */,
				F44E3A5420B6A3F300C1F132 /* Main.storyboard in Resources */,
			);
			runOnlyForDeploymentPostprocessing = 0;
		};
/* End PBXResourcesBuildPhase section */

/* Begin PBXShellScriptBuildPhase section */
		AF9E27F00BE0541212538434 /* [CP] Check Pods Manifest.lock */ = {
			isa = PBXShellScriptBuildPhase;
			buildActionMask = 2147483647;
			files = (
			);
			inputPaths = (
				"${PODS_PODFILE_DIR_PATH}/Podfile.lock",
				"${PODS_ROOT}/Manifest.lock",
			);
			name = "[CP] Check Pods Manifest.lock";
			outputPaths = (
				"$(DERIVED_FILE_DIR)/Pods-WYnews-checkManifestLockResult.txt",
			);
			runOnlyForDeploymentPostprocessing = 0;
			shellPath = /bin/sh;
			shellScript = "diff \"${PODS_PODFILE_DIR_PATH}/Podfile.lock\" \"${PODS_ROOT}/Manifest.lock\" > /dev/null\nif [ $? != 0 ] ; then\n    # print error to STDERR\n    echo \"error: The sandbox is not in sync with the Podfile.lock. Run 'pod install' or update your CocoaPods installation.\" >&2\n    exit 1\nfi\n# This output is used by Xcode 'outputs' to avoid re-running this script phase.\necho \"SUCCESS\" > \"${SCRIPT_OUTPUT_FILE_0}\"\n";
			showEnvVarsInLog = 0;
		};
		B761A7ABAECDD8F792CB3D05 /* [CP] Embed Pods Frameworks */ = {
			isa = PBXShellScriptBuildPhase;
			buildActionMask = 2147483647;
			files = (
			);
			inputPaths = (
				"${SRCROOT}/Pods/Target Support Files/Pods-WYnews/Pods-WYnews-frameworks.sh",
				"${BUILT_PRODUCTS_DIR}/Alamofire/Alamofire.framework",
				"${BUILT_PRODUCTS_DIR}/HandyJSON/HandyJSON.framework",
				"${BUILT_PRODUCTS_DIR}/Kingfisher/Kingfisher.framework",
			);
			name = "[CP] Embed Pods Frameworks";
			outputPaths = (
				"${TARGET_BUILD_DIR}/${FRAMEWORKS_FOLDER_PATH}/Alamofire.framework",
				"${TARGET_BUILD_DIR}/${FRAMEWORKS_FOLDER_PATH}/HandyJSON.framework",
				"${TARGET_BUILD_DIR}/${FRAMEWORKS_FOLDER_PATH}/Kingfisher.framework",
			);
			runOnlyForDeploymentPostprocessing = 0;
			shellPath = /bin/sh;
			shellScript = "\"${SRCROOT}/Pods/Target Support Files/Pods-WYnews/Pods-WYnews-frameworks.sh\"\n";
			showEnvVarsInLog = 0;
		};
/* End PBXShellScriptBuildPhase section */

/* Begin PBXSourcesBuildPhase section */
		F44E3A4720B6A3F300C1F132 /* Sources */ = {
			isa = PBXSourcesBuildPhase;
			buildActionMask = 2147483647;
			files = (
				F4BF4A1820B7A86000FC0220 /* HomeViewController.swift in Sources */,
				F41CFFA020BE32FC00173BE1 /* NewsViewModel.swift in Sources */,
				F44E3A4F20B6A3F300C1F132 /* AppDelegate.swift in Sources */,
				F4BF4A1A20B7A92F00FC0220 /* NetworkTools.swift in Sources */,
				F4BF4A1620B7A82F00FC0220 /* NewsViewCell.swift in Sources */,
				F4BF4A1220B7A7D200FC0220 /* NewsModel.swift in Sources */,
			);
			runOnlyForDeploymentPostprocessing = 0;
		};
/* End PBXSourcesBuildPhase section */

/* Begin PBXVariantGroup section */
		F44E3A5220B6A3F300C1F132 /* Main.storyboard */ = {
			isa = PBXVariantGroup;
			children = (
				F44E3A5320B6A3F300C1F132 /* Base */,
			);
			name = Main.storyboard;
			sourceTree = "<group>";
		};
		F44E3A5720B6A3F300C1F132 /* LaunchScreen.storyboard */ = {
			isa = PBXVariantGroup;
			children = (
				F44E3A5820B6A3F300C1F132 /* Base */,
			);
			name = LaunchScreen.storyboard;
			sourceTree = "<group>";
		};
/* End PBXVariantGroup section */

/* Begin XCBuildConfiguration section */
		F44E3A5B20B6A3F300C1F132 /* Debug */ = {
			isa = XCBuildConfiguration;
			buildSettings = {
				ALWAYS_SEARCH_USER_PATHS = NO;
				CLANG_ANALYZER_NONNULL = YES;
				CLANG_ANALYZER_NUMBER_OBJECT_CONVERSION = YES_AGGRESSIVE;
				CLANG_CXX_LANGUAGE_STANDARD = "gnu++14";
				CLANG_CXX_LIBRARY = "libc++";
				CLANG_ENABLE_MODULES = YES;
				CLANG_ENABLE_OBJC_ARC = YES;
				CLANG_WARN_BLOCK_CAPTURE_AUTORELEASING = YES;
				CLANG_WARN_BOOL_CONVERSION = YES;
				CLANG_WARN_COMMA = YES;
				CLANG_WARN_CONSTANT_CONVERSION = YES;
				CLANG_WARN_DIRECT_OBJC_ISA_USAGE = YES_ERROR;
				CLANG_WARN_DOCUMENTATION_COMMENTS = YES;
				CLANG_WARN_EMPTY_BODY = YES;
				CLANG_WARN_ENUM_CONVERSION = YES;
				CLANG_WARN_INFINITE_RECURSION = YES;
				CLANG_WARN_INT_CONVERSION = YES;
				CLANG_WARN_NON_LITERAL_NULL_CONVERSION = YES;
				CLANG_WARN_OBJC_LITERAL_CONVERSION = YES;
				CLANG_WARN_OBJC_ROOT_CLASS = YES_ERROR;
				CLANG_WARN_RANGE_LOOP_ANALYSIS = YES;
				CLANG_WARN_STRICT_PROTOTYPES = YES;
				CLANG_WARN_SUSPICIOUS_MOVE = YES;
				CLANG_WARN_UNGUARDED_AVAILABILITY = YES_AGGRESSIVE;
				CLANG_WARN_UNREACHABLE_CODE = YES;
				CLANG_WARN__DUPLICATE_METHOD_MATCH = YES;
				CODE_SIGN_IDENTITY = "iPhone Developer";
				COPY_PHASE_STRIP = NO;
				DEBUG_INFORMATION_FORMAT = dwarf;
				ENABLE_STRICT_OBJC_MSGSEND = YES;
				ENABLE_TESTABILITY = YES;
				GCC_C_LANGUAGE_STANDARD = gnu11;
				GCC_DYNAMIC_NO_PIC = NO;
				GCC_NO_COMMON_BLOCKS = YES;
				GCC_OPTIMIZATION_LEVEL = 0;
				GCC_PREPROCESSOR_DEFINITIONS = (
					"DEBUG=1",
					"$(inherited)",
				);
				GCC_WARN_64_TO_32_BIT_CONVERSION = YES;
				GCC_WARN_ABOUT_RETURN_TYPE = YES_ERROR;
				GCC_WARN_UNDECLARED_SELECTOR = YES;
				GCC_WARN_UNINITIALIZED_AUTOS = YES_AGGRESSIVE;
				GCC_WARN_UNUSED_FUNCTION = YES;
				GCC_WARN_UNUSED_VARIABLE = YES;
				IPHONEOS_DEPLOYMENT_TARGET = 11.1;
				MTL_ENABLE_DEBUG_INFO = YES;
				ONLY_ACTIVE_ARCH = YES;
				SDKROOT = iphoneos;
				SWIFT_ACTIVE_COMPILATION_CONDITIONS = DEBUG;
				SWIFT_OPTIMIZATION_LEVEL = "-Onone";
			};
			name = Debug;
		};
		F44E3A5C20B6A3F300C1F132 /* Release */ = {
			isa = XCBuildConfiguration;
			buildSettings = {
				ALWAYS_SEARCH_USER_PATHS = NO;
				CLANG_ANALYZER_NONNULL = YES;
				CLANG_ANALYZER_NUMBER_OBJECT_CONVERSION = YES_AGGRESSIVE;
				CLANG_CXX_LANGUAGE_STANDARD = "gnu++14";
				CLANG_CXX_LIBRARY = "libc++";
				CLANG_ENABLE_MODULES = YES;
				CLANG_ENABLE_OBJC_ARC = YES;
				CLANG_WARN_BLOCK_CAPTURE_AUTORELEASING = YES;
				CLANG_WARN_BOOL_CONVERSION = YES;
				CLANG_WARN_COMMA = YES;
				CLANG_WARN_CONSTANT_CONVERSION = YES;
				CLANG_WARN_DIRECT_OBJC_ISA_USAGE = YES_ERROR;
				CLANG_WARN_DOCUMENTATION_COMMENTS = YES;
				CLANG_WARN_EMPTY_BODY = YES;
				CLANG_WARN_ENUM_CONVERSION = YES;
				CLANG_WARN_INFINITE_RECURSION = YES;
				CLANG_WARN_INT_CONVERSION = YES;
				CLANG_WARN_NON_LITERAL_NULL_CONVERSION = YES;
				CLANG_WARN_OBJC_LITERAL_CONVERSION = YES;
				CLANG_WARN_OBJC_ROOT_CLASS = YES_ERROR;
				CLANG_WARN_RANGE_LOOP_ANALYSIS = YES;
				CLANG_WARN_STRICT_PROTOTYPES = YES;
				CLANG_WARN_SUSPICIOUS_MOVE = YES;
				CLANG_WARN_UNGUARDED_AVAILABILITY = YES_AGGRESSIVE;
				CLANG_WARN_UNREACHABLE_CODE = YES;
				CLANG_WARN__DUPLICATE_METHOD_MATCH = YES;
				CODE_SIGN_IDENTITY = "iPhone Developer";
				COPY_PHASE_STRIP = NO;
				DEBUG_INFORMATION_FORMAT = "dwarf-with-dsym";
				ENABLE_NS_ASSERTIONS = NO;
				ENABLE_STRICT_OBJC_MSGSEND = YES;
				GCC_C_LANGUAGE_STANDARD = gnu11;
				GCC_NO_COMMON_BLOCKS = YES;
				GCC_WARN_64_TO_32_BIT_CONVERSION = YES;
				GCC_WARN_ABOUT_RETURN_TYPE = YES_ERROR;
				GCC_WARN_UNDECLARED_SELECTOR = YES;
				GCC_WARN_UNINITIALIZED_AUTOS = YES_AGGRESSIVE;
				GCC_WARN_UNUSED_FUNCTION = YES;
				GCC_WARN_UNUSED_VARIABLE = YES;
				IPHONEOS_DEPLOYMENT_TARGET = 11.1;
				MTL_ENABLE_DEBUG_INFO = NO;
				SDKROOT = iphoneos;
				SWIFT_OPTIMIZATION_LEVEL = "-Owholemodule";
				VALIDATE_PRODUCT = YES;
			};
			name = Release;
		};
		F44E3A5E20B6A3F300C1F132 /* Debug */ = {
			isa = XCBuildConfiguration;
			baseConfigurationReference = E8C9774C5BF97DD7987A2AC2 /* Pods-WYnews.debug.xcconfig */;
			buildSettings = {
				ASSETCATALOG_COMPILER_APPICON_NAME = AppIcon;
				"CODE_SIGN_IDENTITY[sdk=iphoneos*]" = "iPhone Developer";
				CODE_SIGN_STYLE = Automatic;
				DEVELOPMENT_TEAM = 2672VE79SL;
				INFOPLIST_FILE = WYnews/Info.plist;
				IPHONEOS_DEPLOYMENT_TARGET = 10.0;
				LD_RUNPATH_SEARCH_PATHS = "$(inherited) @executable_path/Frameworks";
				ONLY_ACTIVE_ARCH = YES;
				PRODUCT_BUNDLE_IDENTIFIER = cn.com.www.WYnews.;
				PRODUCT_NAME = "$(TARGET_NAME)";
				PROVISIONING_PROFILE_SPECIFIER = "";
				SWIFT_VERSION = 4.0;
				TARGETED_DEVICE_FAMILY = 1;
			};
			name = Debug;
		};
		F44E3A5F20B6A3F300C1F132 /* Release */ = {
			isa = XCBuildConfiguration;
			baseConfigurationReference = CFA536B8A29FFD29BE271AE7 /* Pods-WYnews.release.xcconfig */;
			buildSettings = {
				ASSETCATALOG_COMPILER_APPICON_NAME = AppIcon;
				"CODE_SIGN_IDENTITY[sdk=iphoneos*]" = "iPhone Developer";
				CODE_SIGN_STYLE = Automatic;
				DEVELOPMENT_TEAM = 2672VE79SL;
				INFOPLIST_FILE = WYnews/Info.plist;
				IPHONEOS_DEPLOYMENT_TARGET = 10.0;
				LD_RUNPATH_SEARCH_PATHS = "$(inherited) @executable_path/Frameworks";
				ONLY_ACTIVE_ARCH = YES;
				PRODUCT_BUNDLE_IDENTIFIER = cn.com.www.WYnews.;
				PRODUCT_NAME = "$(TARGET_NAME)";
				PROVISIONING_PROFILE_SPECIFIER = "";
				SWIFT_VERSION = 4.0;
				TARGETED_DEVICE_FAMILY = 1;
			};
			name = Release;
		};
/* End XCBuildConfiguration section */

/* Begin XCConfigurationList section */
		F44E3A4620B6A3F300C1F132 /* Build configuration list for PBXProject "WYnews" */ = {
			isa = XCConfigurationList;
			buildConfigurations = (
				F44E3A5B20B6A3F300C1F132 /* Debug */,
				F44E3A5C20B6A3F300C1F132 /* Release */,
			);
			defaultConfigurationIsVisible = 0;
			defaultConfigurationName = Release;
		};
		F44E3A5D20B6A3F300C1F132 /* Build configuration list for PBXNativeTarget "WYnews" */ = {
			isa = XCConfigurationList;
			buildConfigurations = (
				F44E3A5E20B6A3F300C1F132 /* Debug */,
				F44E3A5F20B6A3F300C1F132 /* Release */,
			);
			defaultConfigurationIsVisible = 0;
			defaultConfigurationName = Release;
		};
/* End XCConfigurationList section */
	};
	rootObject = F44E3A4320B6A3F300C1F132 /* Project object */;
}
